
Microsoft Visual Studio Solution File, Format Version 12.00
# Visual Studio Version 16
VisualStudioVersion = 16.0.29709.97
MinimumVisualStudioVersion = 10.0.40219.1
Project("{FAE04EC0-301F-11D3-BF4B-00C04F79EFBC}") = "CaloryAPI", "CaloryAPI\CaloryAPI.csproj", "{37061180-A684-4F99-8510-CC1DCF7960A4}"
EndProject
Global
	GlobalSection(SolutionConfigurationPlatforms) = preSolution
		Debug|Any CPU = Debug|Any CPU
		Release|Any CPU = Release|Any CPU
	EndGlobalSection
	GlobalSection(ProjectConfigurationPlatforms) = postSolution
		{37061180-A684-4F99-8510-CC1DCF7960A4}.Debug|Any CPU.ActiveCfg = Debug|Any CPU
		{37061180-A684-4F99-8510-CC1DCF7960A4}.Debug|Any CPU.Build.0 = Debug|Any CPU
		{37061180-A684-4F99-8510-CC1DCF7960A4}.Release|Any CPU.ActiveCfg = Release|Any CPU
		{37061180-A684-4F99-8510-CC1DCF7960A4}.Release|Any CPU.Build.0 = Release|Any CPU
	EndGlobalSection
	GlobalSection(SolutionProperties) = preSolution
		HideSolutionNode = FALSE
	EndGlobalSection
	GlobalSection(ExtensibilityGlobals) = postSolution
		SolutionGuid = {8D581DE0-C008-4CF5-9AA6-C7A82E3C367C}
	EndGlobalSection
EndGlobal
